
Microsoft Visual Studio Solution File, Format Version 12.00
# Visual Studio Version 17
VisualStudioVersion = 17.4.33213.308
MinimumVisualStudioVersion = 10.0.40219.1
Project("{FAE04EC0-301F-11D3-BF4B-00C04F79EFBC}") = "StokKayit-W12", "StokKayit-W12\StokKayit-W12.csproj", "{206B4F72-1E9A-4488-A485-08E636265B3B}"
EndProject
Global
	GlobalSection(SolutionConfigurationPlatforms) = preSolution
		Debug|Any CPU = Debug|Any CPU
		Release|Any CPU = Release|Any CPU
	EndGlobalSection
	GlobalSection(ProjectConfigurationPlatforms) = postSolution
		{206B4F72-1E9A-4488-A485-08E636265B3B}.Debug|Any CPU.ActiveCfg = Debug|Any CPU
		{206B4F72-1E9A-4488-A485-08E636265B3B}.Debug|Any CPU.Build.0 = Debug|Any CPU
		{206B4F72-1E9A-4488-A485-08E636265B3B}.Release|Any CPU.ActiveCfg = Release|Any CPU
		{206B4F72-1E9A-4488-A485-08E636265B3B}.Release|Any CPU.Build.0 = Release|Any CPU
	EndGlobalSection
	GlobalSection(SolutionProperties) = preSolution
		HideSolutionNode = FALSE
	EndGlobalSection
	GlobalSection(ExtensibilityGlobals) = postSolution
		SolutionGuid = {3E2F868C-F8ED-4777-B5C2-40D6CA4749BE}
	EndGlobalSection
EndGlobal
