
Microsoft Visual Studio Solution File, Format Version 12.00
# Visual Studio Version 17
VisualStudioVersion = 17.4.33213.308
MinimumVisualStudioVersion = 10.0.40219.1
Project("{FAE04EC0-301F-11D3-BF4B-00C04F79EFBC}") = "fruitAndVegetableMarket", "fruitAndVegetableMarket\fruitAndVegetableMarket.csproj", "{426F24C9-0E7F-4CED-BED4-37E4A90EA195}"
EndProject
Project("{2150E333-8FDC-42A3-9474-1A3956D46DE8}") = "Solution Items", "Solution Items", "{DDA872DB-D8A9-4DB3-8227-6B39DEA135C6}"
	ProjectSection(SolutionItems) = preProject
		.editorconfig = .editorconfig
	EndProjectSection
EndProject
Global
	GlobalSection(SolutionConfigurationPlatforms) = preSolution
		Debug|Any CPU = Debug|Any CPU
		Release|Any CPU = Release|Any CPU
	EndGlobalSection
	GlobalSection(ProjectConfigurationPlatforms) = postSolution
		{426F24C9-0E7F-4CED-BED4-37E4A90EA195}.Debug|Any CPU.ActiveCfg = Debug|Any CPU
		{426F24C9-0E7F-4CED-BED4-37E4A90EA195}.Debug|Any CPU.Build.0 = Debug|Any CPU
		{426F24C9-0E7F-4CED-BED4-37E4A90EA195}.Release|Any CPU.ActiveCfg = Release|Any CPU
		{426F24C9-0E7F-4CED-BED4-37E4A90EA195}.Release|Any CPU.Build.0 = Release|Any CPU
	EndGlobalSection
	GlobalSection(SolutionProperties) = preSolution
		HideSolutionNode = FALSE
	EndGlobalSection
	GlobalSection(ExtensibilityGlobals) = postSolution
		SolutionGuid = {DD5438A7-B90D-4F45-BB57-5A6273528956}
	EndGlobalSection
EndGlobal
