
Microsoft Visual Studio Solution File, Format Version 12.00
# Visual Studio Version 17
VisualStudioVersion = 17.3.32929.385
MinimumVisualStudioVersion = 10.0.40219.1
Project("{FAE04EC0-301F-11D3-BF4B-00C04F79EFBC}") = "VeriTipleriVeMetodlarr", "VeriTipleriVeMetodlarr\VeriTipleriVeMetodlarr.csproj", "{F7A6094F-AAC8-41AE-983F-D3E9C0A06D89}"
EndProject
Global
	GlobalSection(SolutionConfigurationPlatforms) = preSolution
		Debug|Any CPU = Debug|Any CPU
		Release|Any CPU = Release|Any CPU
	EndGlobalSection
	GlobalSection(ProjectConfigurationPlatforms) = postSolution
		{F7A6094F-AAC8-41AE-983F-D3E9C0A06D89}.Debug|Any CPU.ActiveCfg = Debug|Any CPU
		{F7A6094F-AAC8-41AE-983F-D3E9C0A06D89}.Debug|Any CPU.Build.0 = Debug|Any CPU
		{F7A6094F-AAC8-41AE-983F-D3E9C0A06D89}.Release|Any CPU.ActiveCfg = Release|Any CPU
		{F7A6094F-AAC8-41AE-983F-D3E9C0A06D89}.Release|Any CPU.Build.0 = Release|Any CPU
	EndGlobalSection
	GlobalSection(SolutionProperties) = preSolution
		HideSolutionNode = FALSE
	EndGlobalSection
	GlobalSection(ExtensibilityGlobals) = postSolution
		SolutionGuid = {DCF2A80D-F972-4A64-BE43-085CD4C41B9E}
	EndGlobalSection
EndGlobal
