
Microsoft Visual Studio Solution File, Format Version 12.00
# Visual Studio Version 17
VisualStudioVersion = 17.4.33213.308
MinimumVisualStudioVersion = 10.0.40219.1
Project("{FAE04EC0-301F-11D3-BF4B-00C04F79EFBC}") = "SimpliEmployeeData", "SimpliEmployeeData\SimpliEmployeeData.csproj", "{3EDA8C91-F0A2-4CA1-8216-D8C36B8E6EE0}"
EndProject
Global
	GlobalSection(SolutionConfigurationPlatforms) = preSolution
		Debug|Any CPU = Debug|Any CPU
		Release|Any CPU = Release|Any CPU
	EndGlobalSection
	GlobalSection(ProjectConfigurationPlatforms) = postSolution
		{3EDA8C91-F0A2-4CA1-8216-D8C36B8E6EE0}.Debug|Any CPU.ActiveCfg = Debug|Any CPU
		{3EDA8C91-F0A2-4CA1-8216-D8C36B8E6EE0}.Debug|Any CPU.Build.0 = Debug|Any CPU
		{3EDA8C91-F0A2-4CA1-8216-D8C36B8E6EE0}.Release|Any CPU.ActiveCfg = Release|Any CPU
		{3EDA8C91-F0A2-4CA1-8216-D8C36B8E6EE0}.Release|Any CPU.Build.0 = Release|Any CPU
	EndGlobalSection
	GlobalSection(SolutionProperties) = preSolution
		HideSolutionNode = FALSE
	EndGlobalSection
	GlobalSection(ExtensibilityGlobals) = postSolution
		SolutionGuid = {4C200117-4693-4F04-A428-960C805CB534}
	EndGlobalSection
EndGlobal
